
Microsoft Visual Studio Solution File, Format Version 12.00
# Visual Studio Version 17
VisualStudioVersion = 17.9.34728.123
MinimumVisualStudioVersion = 10.0.40219.1
Project("{9A19103F-16F7-4668-BE54-9A1E7A4F7556}") = "eEscola.API", "eEscola.API\eEscola.API.csproj", "{F2FE1DB4-12C4-42B2-9F7B-F16CAFF24A7A}"
EndProject
Project("{9A19103F-16F7-4668-BE54-9A1E7A4F7556}") = "eEscola.Test", "eEscola.test\eEscola.Test.csproj", "{3A7D6A33-A2FF-455C-B404-B40D826F9F91}"
EndProject
Global
	GlobalSection(SolutionConfigurationPlatforms) = preSolution
		Debug|Any CPU = Debug|Any CPU
		Release|Any CPU = Release|Any CPU
	EndGlobalSection
	GlobalSection(ProjectConfigurationPlatforms) = postSolution
		{F2FE1DB4-12C4-42B2-9F7B-F16CAFF24A7A}.Debug|Any CPU.ActiveCfg = Debug|Any CPU
		{F2FE1DB4-12C4-42B2-9F7B-F16CAFF24A7A}.Debug|Any CPU.Build.0 = Debug|Any CPU
		{F2FE1DB4-12C4-42B2-9F7B-F16CAFF24A7A}.Release|Any CPU.ActiveCfg = Release|Any CPU
		{F2FE1DB4-12C4-42B2-9F7B-F16CAFF24A7A}.Release|Any CPU.Build.0 = Release|Any CPU
		{3A7D6A33-A2FF-455C-B404-B40D826F9F91}.Debug|Any CPU.ActiveCfg = Debug|Any CPU
		{3A7D6A33-A2FF-455C-B404-B40D826F9F91}.Debug|Any CPU.Build.0 = Debug|Any CPU
		{3A7D6A33-A2FF-455C-B404-B40D826F9F91}.Release|Any CPU.ActiveCfg = Release|Any CPU
		{3A7D6A33-A2FF-455C-B404-B40D826F9F91}.Release|Any CPU.Build.0 = Release|Any CPU
	EndGlobalSection
	GlobalSection(SolutionProperties) = preSolution
		HideSolutionNode = FALSE
	EndGlobalSection
	GlobalSection(ExtensibilityGlobals) = postSolution
		SolutionGuid = {EC152F5C-9596-49CE-A120-4A35D95D7163}
	EndGlobalSection
EndGlobal
